
Microsoft Visual Studio Solution File, Format Version 12.00
# Visual Studio Version 17
VisualStudioVersion = 17.13.35825.156
MinimumVisualStudioVersion = 10.0.40219.1
Project("{2150E333-8FDC-42A3-9474-1A3956D46DE8}") = "Chapter01", "Chapter01", "{DDB4EF12-CC4E-5E88-E6FC-71A802F4DE97}"
EndProject
Project("{FAE04EC0-301F-11D3-BF4B-00C04F79EFBC}") = "ProductSample", "Chapter01\ProductSample\ProductSample.csproj", "{68D9A9DB-C288-484D-955A-209BF6FC5094}"
EndProject
Project("{2150E333-8FDC-42A3-9474-1A3956D46DE8}") = "Chapter02", "Chapter02", "{71BDC071-3BE7-4868-A23B-FC55BABEFDBD}"
EndProject
Project("{FAE04EC0-301F-11D3-BF4B-00C04F79EFBC}") = "DistanceConverter", "Chapter02\DistanceConverter\DistanceConverter.csproj", "{2E1EAB21-6AE4-4BF4-8F59-757360ADC4B0}"
EndProject
Project("{2150E333-8FDC-42A3-9474-1A3956D46DE8}") = "演習問題", "演習問題", "{2FE1A57A-876A-49D8-A084-B2E42F027943}"
EndProject
Project("{FAE04EC0-301F-11D3-BF4B-00C04F79EFBC}") = "Exercise02", "Chapter02\演習問題\Exercise02\Exercise02.csproj", "{E4244DD7-4899-47D8-A5BD-57226B2DC8B1}"
EndProject
Project("{2150E333-8FDC-42A3-9474-1A3956D46DE8}") = "距離換算プログラム", "距離換算プログラム", "{0724A410-4C4D-4288-9CBF-477C251FD7C4}"
EndProject
Project("{2150E333-8FDC-42A3-9474-1A3956D46DE8}") = "FormApps", "FormApps", "{1C6291C6-CF71-4A65-A5C9-DED43C2BFE5B}"
EndProject
Project("{FAE04EC0-301F-11D3-BF4B-00C04F79EFBC}") = "UnitConverter", "FormApps\UnitConverter\UnitConverter.csproj", "{927AC185-5B38-43EE-975F-EDD14B783A7B}"
EndProject
Project("{FAE04EC0-301F-11D3-BF4B-00C04F79EFBC}") = "StopWatch", "FormApps\StopWatch\StopWatch.csproj", "{0F275AE7-8CA8-4FC5-83A2-E01EC3D71DDE}"
EndProject
Project("{2150E333-8FDC-42A3-9474-1A3956D46DE8}") = "売り上げ集計プログラム", "売り上げ集計プログラム", "{7FD9C159-7907-4BEB-8791-F552C5E8EDFB}"
EndProject
Project("{FAE04EC0-301F-11D3-BF4B-00C04F79EFBC}") = "SalesCalculator", "Chapter02\SalesCalculator\SalesCalculator.csproj", "{6682A47B-D71E-4EB4-9586-A2AAB4E22567}"
EndProject
Global
	GlobalSection(SolutionConfigurationPlatforms) = preSolution
		Debug|Any CPU = Debug|Any CPU
		Release|Any CPU = Release|Any CPU
	EndGlobalSection
	GlobalSection(ProjectConfigurationPlatforms) = postSolution
		{68D9A9DB-C288-484D-955A-209BF6FC5094}.Debug|Any CPU.ActiveCfg = Debug|Any CPU
		{68D9A9DB-C288-484D-955A-209BF6FC5094}.Debug|Any CPU.Build.0 = Debug|Any CPU
		{68D9A9DB-C288-484D-955A-209BF6FC5094}.Release|Any CPU.ActiveCfg = Release|Any CPU
		{68D9A9DB-C288-484D-955A-209BF6FC5094}.Release|Any CPU.Build.0 = Release|Any CPU
		{2E1EAB21-6AE4-4BF4-8F59-757360ADC4B0}.Debug|Any CPU.ActiveCfg = Debug|Any CPU
		{2E1EAB21-6AE4-4BF4-8F59-757360ADC4B0}.Debug|Any CPU.Build.0 = Debug|Any CPU
		{2E1EAB21-6AE4-4BF4-8F59-757360ADC4B0}.Release|Any CPU.ActiveCfg = Release|Any CPU
		{2E1EAB21-6AE4-4BF4-8F59-757360ADC4B0}.Release|Any CPU.Build.0 = Release|Any CPU
		{E4244DD7-4899-47D8-A5BD-57226B2DC8B1}.Debug|Any CPU.ActiveCfg = Debug|Any CPU
		{E4244DD7-4899-47D8-A5BD-57226B2DC8B1}.Debug|Any CPU.Build.0 = Debug|Any CPU
		{E4244DD7-4899-47D8-A5BD-57226B2DC8B1}.Release|Any CPU.ActiveCfg = Release|Any CPU
		{E4244DD7-4899-47D8-A5BD-57226B2DC8B1}.Release|Any CPU.Build.0 = Release|Any CPU
		{927AC185-5B38-43EE-975F-EDD14B783A7B}.Debug|Any CPU.ActiveCfg = Debug|Any CPU
		{927AC185-5B38-43EE-975F-EDD14B783A7B}.Debug|Any CPU.Build.0 = Debug|Any CPU
		{927AC185-5B38-43EE-975F-EDD14B783A7B}.Release|Any CPU.ActiveCfg = Release|Any CPU
		{927AC185-5B38-43EE-975F-EDD14B783A7B}.Release|Any CPU.Build.0 = Release|Any CPU
		{0F275AE7-8CA8-4FC5-83A2-E01EC3D71DDE}.Debug|Any CPU.ActiveCfg = Debug|Any CPU
		{0F275AE7-8CA8-4FC5-83A2-E01EC3D71DDE}.Debug|Any CPU.Build.0 = Debug|Any CPU
		{0F275AE7-8CA8-4FC5-83A2-E01EC3D71DDE}.Release|Any CPU.ActiveCfg = Release|Any CPU
		{0F275AE7-8CA8-4FC5-83A2-E01EC3D71DDE}.Release|Any CPU.Build.0 = Release|Any CPU
		{6682A47B-D71E-4EB4-9586-A2AAB4E22567}.Debug|Any CPU.ActiveCfg = Debug|Any CPU
		{6682A47B-D71E-4EB4-9586-A2AAB4E22567}.Debug|Any CPU.Build.0 = Debug|Any CPU
		{6682A47B-D71E-4EB4-9586-A2AAB4E22567}.Release|Any CPU.ActiveCfg = Release|Any CPU
		{6682A47B-D71E-4EB4-9586-A2AAB4E22567}.Release|Any CPU.Build.0 = Release|Any CPU
	EndGlobalSection
	GlobalSection(SolutionProperties) = preSolution
		HideSolutionNode = FALSE
	EndGlobalSection
	GlobalSection(NestedProjects) = preSolution
		{68D9A9DB-C288-484D-955A-209BF6FC5094} = {DDB4EF12-CC4E-5E88-E6FC-71A802F4DE97}
		{2E1EAB21-6AE4-4BF4-8F59-757360ADC4B0} = {0724A410-4C4D-4288-9CBF-477C251FD7C4}
		{2FE1A57A-876A-49D8-A084-B2E42F027943} = {71BDC071-3BE7-4868-A23B-FC55BABEFDBD}
		{E4244DD7-4899-47D8-A5BD-57226B2DC8B1} = {2FE1A57A-876A-49D8-A084-B2E42F027943}
		{0724A410-4C4D-4288-9CBF-477C251FD7C4} = {71BDC071-3BE7-4868-A23B-FC55BABEFDBD}
		{927AC185-5B38-43EE-975F-EDD14B783A7B} = {1C6291C6-CF71-4A65-A5C9-DED43C2BFE5B}
		{0F275AE7-8CA8-4FC5-83A2-E01EC3D71DDE} = {1C6291C6-CF71-4A65-A5C9-DED43C2BFE5B}
		{7FD9C159-7907-4BEB-8791-F552C5E8EDFB} = {71BDC071-3BE7-4868-A23B-FC55BABEFDBD}
		{6682A47B-D71E-4EB4-9586-A2AAB4E22567} = {7FD9C159-7907-4BEB-8791-F552C5E8EDFB}
	EndGlobalSection
	GlobalSection(ExtensibilityGlobals) = postSolution
		SolutionGuid = {28BCC89A-A3BD-4783-8893-79F4BA29A7C7}
	EndGlobalSection
EndGlobal
