
Microsoft Visual Studio Solution File, Format Version 12.00
# Visual Studio Version 17
VisualStudioVersion = 17.13.35825.156
MinimumVisualStudioVersion = 10.0.40219.1
Project("{2150E333-8FDC-42A3-9474-1A3956D46DE8}") = "Chapter01", "Chapter01", "{DDB4EF12-CC4E-5E88-E6FC-71A802F4DE97}"
EndProject
Project("{FAE04EC0-301F-11D3-BF4B-00C04F79EFBC}") = "ProductSample", "Chapter01\ProductSample\ProductSample.csproj", "{68D9A9DB-C288-484D-955A-209BF6FC5094}"
EndProject
Project("{2150E333-8FDC-42A3-9474-1A3956D46DE8}") = "Chapter02", "Chapter02", "{71BDC071-3BE7-4868-A23B-FC55BABEFDBD}"
EndProject
Project("{FAE04EC0-301F-11D3-BF4B-00C04F79EFBC}") = "DistanceConverter", "Chapter02\DistanceConverter\DistanceConverter.csproj", "{2E1EAB21-6AE4-4BF4-8F59-757360ADC4B0}"
EndProject
Project("{2150E333-8FDC-42A3-9474-1A3956D46DE8}") = "演習問題", "演習問題", "{2FE1A57A-876A-49D8-A084-B2E42F027943}"
EndProject
Project("{FAE04EC0-301F-11D3-BF4B-00C04F79EFBC}") = "Exercise02", "Chapter02\演習問題\Exercise02\Exercise02.csproj", "{E4244DD7-4899-47D8-A5BD-57226B2DC8B1}"
EndProject
Project("{2150E333-8FDC-42A3-9474-1A3956D46DE8}") = "距離換算プログラム", "距離換算プログラム", "{0724A410-4C4D-4288-9CBF-477C251FD7C4}"
EndProject
Project("{2150E333-8FDC-42A3-9474-1A3956D46DE8}") = "FormApps", "FormApps", "{1C6291C6-CF71-4A65-A5C9-DED43C2BFE5B}"
EndProject
Project("{FAE04EC0-301F-11D3-BF4B-00C04F79EFBC}") = "UnitConverter", "FormApps\UnitConverter\UnitConverter.csproj", "{927AC185-5B38-43EE-975F-EDD14B783A7B}"
EndProject
Project("{FAE04EC0-301F-11D3-BF4B-00C04F79EFBC}") = "StopWatch", "FormApps\StopWatch\StopWatch.csproj", "{0F275AE7-8CA8-4FC5-83A2-E01EC3D71DDE}"
EndProject
Project("{2150E333-8FDC-42A3-9474-1A3956D46DE8}") = "売り上げ集計プログラム", "売り上げ集計プログラム", "{7FD9C159-7907-4BEB-8791-F552C5E8EDFB}"
EndProject
Project("{FAE04EC0-301F-11D3-BF4B-00C04F79EFBC}") = "SalesCalculator", "Chapter02\SalesCalculator\SalesCalculator.csproj", "{6682A47B-D71E-4EB4-9586-A2AAB4E22567}"
EndProject
Project("{FAE04EC0-301F-11D3-BF4B-00C04F79EFBC}") = "Exercise01", "Chapter02\演習問題\Exercise01\Exercise01.csproj", "{76211CB7-4707-4BF9-BA40-A8E2067D144A}"
EndProject
Project("{2150E333-8FDC-42A3-9474-1A3956D46DE8}") = "Chapter03", "Chapter03", "{99F41B64-3E09-44DE-9162-B1CC719970CF}"
EndProject
Project("{FAE04EC0-301F-11D3-BF4B-00C04F79EFBC}") = "Section01", "Chapter03\Section01\Section01.csproj", "{3A164716-8F70-433D-8CB7-0110FA214DCE}"
EndProject
Project("{2150E333-8FDC-42A3-9474-1A3956D46DE8}") = "演習問題", "演習問題", "{B02CF604-82B6-49A1-A1FF-B493901BF570}"
EndProject
Project("{FAE04EC0-301F-11D3-BF4B-00C04F79EFBC}") = "Exercise02", "Chapter03\演習問題\Exercise02\Exercise02.csproj", "{37313726-E855-49F5-B13D-656F473CA48F}"
EndProject
Project("{FAE04EC0-301F-11D3-BF4B-00C04F79EFBC}") = "Section04", "Chapter03\Section04\Section04.csproj", "{54FD499A-E298-4F90-B253-3D3340A24171}"
EndProject
Project("{FAE04EC0-301F-11D3-BF4B-00C04F79EFBC}") = "Exercise01", "Chapter03\演習問題\Exercise01\Exercise01.csproj", "{B6C4E690-2D51-4E82-B6AA-82BA71D6B639}"
EndProject
Project("{2150E333-8FDC-42A3-9474-1A3956D46DE8}") = "Chapter04", "Chapter04", "{8D76D45E-37B6-4C7B-99AD-DF23AB61ACF1}"
EndProject
Project("{FAE04EC0-301F-11D3-BF4B-00C04F79EFBC}") = "Section04", "Chapter04\Section04\Section04.csproj", "{E2FBC59D-5073-4BF1-AD13-392DE0337348}"
EndProject
Project("{2150E333-8FDC-42A3-9474-1A3956D46DE8}") = "演習問題", "演習問題", "{53CE2C47-5060-46CF-999F-1FED678702BE}"
EndProject
Project("{FAE04EC0-301F-11D3-BF4B-00C04F79EFBC}") = "Exercise01", "Chapter04\演習問題\Exercise01\Exercise01.csproj", "{39879EA1-56AE-4432-82D6-EC96978F194A}"
EndProject
Project("{FAE04EC0-301F-11D3-BF4B-00C04F79EFBC}") = "Exercise02", "Chapter04\演習問題\Exercise02\Exercise02.csproj", "{C1D63E63-E64B-FCB7-4276-5EBCB0FEC291}"
EndProject
Project("{2150E333-8FDC-42A3-9474-1A3956D46DE8}") = "LINQ", "LINQ", "{671C85A8-5F86-42CC-8C96-1D5ED0729D1B}"
EndProject
Project("{FAE04EC0-301F-11D3-BF4B-00C04F79EFBC}") = "LinqSample", "LINQ\LinqSample\LinqSample.csproj", "{7839D121-CD39-4512-B161-F1D45032A727}"
EndProject
Project("{2150E333-8FDC-42A3-9474-1A3956D46DE8}") = "Chapter07", "Chapter07", "{048AC0AB-B4B0-4474-A920-799C4DE25B7A}"
EndProject
Project("{2150E333-8FDC-42A3-9474-1A3956D46DE8}") = "演習問題", "演習問題", "{1576D862-17FB-49A4-9161-26D48DD1C192}"
EndProject
Project("{FAE04EC0-301F-11D3-BF4B-00C04F79EFBC}") = "Exercise01", "Chapter07\演習問題\Exercise01\Exercise01.csproj", "{201493E0-B0D4-4E39-9EB7-647E4713B8C2}"
EndProject
Project("{FAE04EC0-301F-11D3-BF4B-00C04F79EFBC}") = "Section01", "Chapter07\Section01\Section01.csproj", "{13D1F5A2-3437-47FA-92DC-9FB93D365304}"
EndProject
Project("{FAE04EC0-301F-11D3-BF4B-00C04F79EFBC}") = "Section05", "Chapter07\Section05\Section05.csproj", "{0CA53894-4D83-4CF0-AA0F-D9B36C74E963}"
EndProject
Project("{FAE04EC0-301F-11D3-BF4B-00C04F79EFBC}") = "Exercise02", "Chapter07\演習問題\Exercise02\Exercise02.csproj", "{54EF637D-69DC-4359-A834-DC137A6423CE}"
EndProject
Project("{2150E333-8FDC-42A3-9474-1A3956D46DE8}") = "Chapter06", "Chapter06", "{8277436C-BF18-4DE1-B66D-190D4A899FB8}"
EndProject
Project("{FAE04EC0-301F-11D3-BF4B-00C04F79EFBC}") = "Section01", "Chapter06\Section01\Section01.csproj", "{1A132306-6A25-4F7C-9CAC-EB05E5410C91}"
EndProject
Project("{2150E333-8FDC-42A3-9474-1A3956D46DE8}") = "演習問題", "演習問題", "{47C6A1E6-00AE-4950-883D-15EDEFE7A6A6}"
EndProject
Project("{FAE04EC0-301F-11D3-BF4B-00C04F79EFBC}") = "Exercise01", "Chapter06\演習問題\Exercise01\Exercise01.csproj", "{502C3441-2C5D-444D-A657-E6C9BD18468C}"
EndProject
Project("{FAE04EC0-301F-11D3-BF4B-00C04F79EFBC}") = "Exercise03", "Chapter06\演習問題\Exercise03\Exercise03.csproj", "{8B65EFB9-B5B5-49BC-B0D2-4211238240FC}"
EndProject
Project("{FAE04EC0-301F-11D3-BF4B-00C04F79EFBC}") = "Exercise04", "Chapter06\演習問題\Exercise04\Exercise04.csproj", "{A1C9E242-DB7B-4106-9294-1B27751EE251}"
EndProject
Project("{FAE04EC0-301F-11D3-BF4B-00C04F79EFBC}") = "Exercise02", "Chapter06\演習問題\Exercise02\Exercise02.csproj", "{53F57408-F109-4C4B-A18A-3E6E17E1BB1A}"
EndProject
Project("{FAE04EC0-301F-11D3-BF4B-00C04F79EFBC}") = "Section03", "Chapter06\Section03\Section03.csproj", "{60404BB6-F726-435A-B1D0-702C17F30DEB}"
EndProject
Project("{2150E333-8FDC-42A3-9474-1A3956D46DE8}") = "Chapter05", "Chapter05", "{D832B526-63F0-497F-9C29-53EAE4360F19}"
EndProject
Project("{2150E333-8FDC-42A3-9474-1A3956D46DE8}") = "演習問題", "演習問題", "{1C4EFD3D-C375-4FA5-9EFA-16B5264C480A}"
EndProject
Project("{FAE04EC0-301F-11D3-BF4B-00C04F79EFBC}") = "Section01", "Chapter05\Section01\Section01.csproj", "{7F062E16-4C9F-4BA0-8F14-F708EF4DCC35}"
EndProject
Project("{FAE04EC0-301F-11D3-BF4B-00C04F79EFBC}") = "Section02", "Chapter05\Section02\Section02.csproj", "{9E29E780-0F4D-414A-B886-9C42B17600C0}"
EndProject
Project("{FAE04EC0-301F-11D3-BF4B-00C04F79EFBC}") = "Exercise01", "Chapter05\演習問題\Exercise01\Exercise01.csproj", "{BE6CF043-CAA3-45B0-B209-5F6B527F5A38}"
EndProject
Project("{FAE04EC0-301F-11D3-BF4B-00C04F79EFBC}") = "Exercise02", "Chapter05\演習問題\Exercise02\Exercise02.csproj", "{10E09DF3-8326-45E2-AB8A-16D28A41527D}"
EndProject
Project("{2150E333-8FDC-42A3-9474-1A3956D46DE8}") = "Chapter08", "Chapter08", "{718A8B28-9A05-427C-86E2-04ABB46C7FD6}"
EndProject
Project("{2150E333-8FDC-42A3-9474-1A3956D46DE8}") = "演習問題", "演習問題", "{E3EB3E92-E4E0-4031-B9CE-94D2469D193D}"
EndProject
Project("{FAE04EC0-301F-11D3-BF4B-00C04F79EFBC}") = "Exercise01", "Chapter08\演習問題\Exercise01\Exercise01.csproj", "{B474C230-CACD-4869-A367-103FE080C90E}"
EndProject
Project("{FAE04EC0-301F-11D3-BF4B-00C04F79EFBC}") = "PrefCapitalLocationSystem", "Chapter08\PrefCapitalLocationSystem\PrefCapitalLocationSystem.csproj", "{99C74DCF-606F-4971-8123-C74FF6590FF8}"
EndProject
Project("{FAE04EC0-301F-11D3-BF4B-00C04F79EFBC}") = "Section03", "Chapter08\Section03\Section03.csproj", "{65C01803-C7A4-4004-9145-00D6D1873519}"
EndProject
Project("{FAE04EC0-301F-11D3-BF4B-00C04F79EFBC}") = "Exercise02", "Chapter08\演習問題\Exercise02\Exercise02.csproj", "{CF6DE831-AAC2-4A79-AC2E-B73C0D7F3171}"
EndProject
Project("{2150E333-8FDC-42A3-9474-1A3956D46DE8}") = "Test01", "Test01", "{0825EE73-77E0-4836-93BE-281697113925}"
EndProject
Project("{FAE04EC0-301F-11D3-BF4B-00C04F79EFBC}") = "Test01", "Test01\Test01\Test01.csproj", "{6EF7678A-A725-F430-3097-30F090C0100A}"
EndProject
Project("{FAE04EC0-301F-11D3-BF4B-00C04F79EFBC}") = "Test02", "Test01\Test02\Test02.csproj", "{010D0C11-D6A2-3CA6-3281-4E0FD547EC2D}"
EndProject
Project("{2150E333-8FDC-42A3-9474-1A3956D46DE8}") = "Chapter09", "Chapter09", "{5FAADBA4-DA91-4D3F-AFD9-7425F3A97B50}"
EndProject
Project("{FAE04EC0-301F-11D3-BF4B-00C04F79EFBC}") = "Section01", "Chapter09\Section01\Section01.csproj", "{E740D81D-3709-4DDC-850C-E8C56531FA17}"
EndProject
Project("{2150E333-8FDC-42A3-9474-1A3956D46DE8}") = "演習問題", "演習問題", "{13F008E8-8EE7-4A67-AB8F-B6AEF4006682}"
EndProject
Project("{FAE04EC0-301F-11D3-BF4B-00C04F79EFBC}") = "Exercise01", "Chapter09\演習問題\Exercise01\Exercise01.csproj", "{29C709B5-9EF9-4BCB-A0AC-14F2F0AC1859}"
EndProject
Project("{FAE04EC0-301F-11D3-BF4B-00C04F79EFBC}") = "Exercise02", "Chapter09\演習問題\Exercise02\Exercise02.csproj", "{2BF34567-2700-4C2A-8086-69543F12DB1C}"
EndProject
Project("{FAE04EC0-301F-11D3-BF4B-00C04F79EFBC}") = "Exercise03", "Chapter09\演習問題\Exercise03\Exercise03.csproj", "{07760434-E5EC-4729-B635-88E0126A0297}"
EndProject
Project("{FAE04EC0-301F-11D3-BF4B-00C04F79EFBC}") = "CarReportSystem", "FormApps\CarReportSystem\CarReportSystem.csproj", "{2BAD90D4-A359-429F-B5B4-189DDF9B5F8A}"
EndProject
Project("{2150E333-8FDC-42A3-9474-1A3956D46DE8}") = "Chapter12", "Chapter12", "{B0B046BA-3589-4D17-BAFA-F5EE85F24E6E}"
EndProject
Project("{2150E333-8FDC-42A3-9474-1A3956D46DE8}") = "演習問題", "演習問題", "{B95E59B6-A72B-4ACF-994D-9147CE53E55E}"
EndProject
Project("{FAE04EC0-301F-11D3-BF4B-00C04F79EFBC}") = "Section01", "Chapter12\Section01\Section01.csproj", "{A1D89E41-AD61-4D09-A8A0-3A4B77B02B9F}"
EndProject
Project("{FAE04EC0-301F-11D3-BF4B-00C04F79EFBC}") = "Exercise01", "Chapter12\演習問題\Exercise01\Exercise01.csproj", "{D5557C0C-34B2-44DD-A8BB-CF0E67FC9889}"
EndProject
Project("{FAE04EC0-301F-11D3-BF4B-00C04F79EFBC}") = "Exercise02", "Chapter12\演習問題\Exercise02\Exercise02.csproj", "{E768625C-AE27-421F-8719-528C5199B350}"
EndProject
Project("{FAE04EC0-301F-11D3-BF4B-00C04F79EFBC}") = "Exercise03", "Chapter12\演習問題\Exercise03\Exercise03.csproj", "{ACDA356B-4FC6-4375-A535-B04E5EB54F70}"
EndProject
Project("{2150E333-8FDC-42A3-9474-1A3956D46DE8}") = "Test0103", "Test0103", "{976A6121-B255-48BB-A55D-3FD9ABF0BB17}"
EndProject
Project("{FAE04EC0-301F-11D3-BF4B-00C04F79EFBC}") = "Test01", "Test202503\Test01\Test01.csproj", "{8AD2EED6-5142-B9D5-EB8B-BB1A11EC0408}"
EndProject
Project("{FAE04EC0-301F-11D3-BF4B-00C04F79EFBC}") = "Test02", "Test202503\Test02\Test02.csproj", "{EA4A8055-1398-D3D7-71C5-6C05759E8DEC}"
EndProject
Project("{FAE04EC0-301F-11D3-BF4B-00C04F79EFBC}") = "RssReader", "FormApps\RssReader\RssReader.csproj", "{5F513571-8116-4FD4-BB60-A6EEFA9922F8}"
EndProject
Project("{2150E333-8FDC-42A3-9474-1A3956D46DE8}") = "Chapter11", "Chapter11", "{5218764B-729D-460E-AE8B-77DCD058E9E0}"
EndProject
Project("{FAE04EC0-301F-11D3-BF4B-00C04F79EFBC}") = "Section02", "Chapter11\Section02\Section02.csproj", "{0D067E26-9882-4773-878B-DCD693847692}"
EndProject
Project("{2150E333-8FDC-42A3-9474-1A3956D46DE8}") = "演習問題", "演習問題", "{AF126664-D572-4198-B86B-5E82CBD58469}"
EndProject
Project("{FAE04EC0-301F-11D3-BF4B-00C04F79EFBC}") = "Exercise01", "Chapter11\演習問題\Exercise01\Exercise01.csproj", "{C60AD186-5D82-446D-AC77-8B5918F2C883}"
EndProject
Project("{FAE04EC0-301F-11D3-BF4B-00C04F79EFBC}") = "Exercise02", "Chapter11\演習問題\Exercise02\Exercise02.csproj", "{6BE2871A-ECA6-40F7-8033-617FE99BDB8A}"
EndProject
Project("{FAE04EC0-301F-11D3-BF4B-00C04F79EFBC}") = "Section03", "Chapter11\Section03\Section03.csproj", "{D8B6523E-063F-46E0-8253-854C57280FE0}"
EndProject
Project("{FAE04EC0-301F-11D3-BF4B-00C04F79EFBC}") = "Exercise03", "Chapter11\演習問題\Exercise03\Exercise03.csproj", "{A372598E-0F18-465F-BD99-0CF01DBFC020}"
EndProject
Project("{FAE04EC0-301F-11D3-BF4B-00C04F79EFBC}") = "Section04", "Chapter11\Section04\Section04.csproj", "{8F8EF760-5B88-4424-99AB-998912E502A0}"
EndProject
Project("{FAE04EC0-301F-11D3-BF4B-00C04F79EFBC}") = "Exercise04", "Chapter11\演習問題\Exercise04\Exercise04.csproj", "{2F4A57E1-F57F-4337-A413-808152E5CBBE}"
EndProject
Project("{FAE04EC0-301F-11D3-BF4B-00C04F79EFBC}") = "Exercise05", "Chapter11\演習問題\Exercise05\Exercise05.csproj", "{B06C335A-23CF-46E1-B2E6-BF0A5B4AE717}"
EndProject
Project("{2150E333-8FDC-42A3-9474-1A3956D46DE8}") = "WPF", "WPF", "{293B8D97-D537-42C9-BAEC-9578FC98C158}"
EndProject
Project("{FAE04EC0-301F-11D3-BF4B-00C04F79EFBC}") = "SampleApplication", "WPF\SampleApplication\SampleApplication.csproj", "{7C64BC56-B48B-4C61-B744-8512BD8380EA}"
EndProject
Global
	GlobalSection(SolutionConfigurationPlatforms) = preSolution
		Debug|Any CPU = Debug|Any CPU
		Release|Any CPU = Release|Any CPU
	EndGlobalSection
	GlobalSection(ProjectConfigurationPlatforms) = postSolution
		{68D9A9DB-C288-484D-955A-209BF6FC5094}.Debug|Any CPU.ActiveCfg = Debug|Any CPU
		{68D9A9DB-C288-484D-955A-209BF6FC5094}.Debug|Any CPU.Build.0 = Debug|Any CPU
		{68D9A9DB-C288-484D-955A-209BF6FC5094}.Release|Any CPU.ActiveCfg = Release|Any CPU
		{68D9A9DB-C288-484D-955A-209BF6FC5094}.Release|Any CPU.Build.0 = Release|Any CPU
		{2E1EAB21-6AE4-4BF4-8F59-757360ADC4B0}.Debug|Any CPU.ActiveCfg = Debug|Any CPU
		{2E1EAB21-6AE4-4BF4-8F59-757360ADC4B0}.Debug|Any CPU.Build.0 = Debug|Any CPU
		{2E1EAB21-6AE4-4BF4-8F59-757360ADC4B0}.Release|Any CPU.ActiveCfg = Release|Any CPU
		{2E1EAB21-6AE4-4BF4-8F59-757360ADC4B0}.Release|Any CPU.Build.0 = Release|Any CPU
		{E4244DD7-4899-47D8-A5BD-57226B2DC8B1}.Debug|Any CPU.ActiveCfg = Debug|Any CPU
		{E4244DD7-4899-47D8-A5BD-57226B2DC8B1}.Debug|Any CPU.Build.0 = Debug|Any CPU
		{E4244DD7-4899-47D8-A5BD-57226B2DC8B1}.Release|Any CPU.ActiveCfg = Release|Any CPU
		{E4244DD7-4899-47D8-A5BD-57226B2DC8B1}.Release|Any CPU.Build.0 = Release|Any CPU
		{927AC185-5B38-43EE-975F-EDD14B783A7B}.Debug|Any CPU.ActiveCfg = Debug|Any CPU
		{927AC185-5B38-43EE-975F-EDD14B783A7B}.Debug|Any CPU.Build.0 = Debug|Any CPU
		{927AC185-5B38-43EE-975F-EDD14B783A7B}.Release|Any CPU.ActiveCfg = Release|Any CPU
		{927AC185-5B38-43EE-975F-EDD14B783A7B}.Release|Any CPU.Build.0 = Release|Any CPU
		{0F275AE7-8CA8-4FC5-83A2-E01EC3D71DDE}.Debug|Any CPU.ActiveCfg = Debug|Any CPU
		{0F275AE7-8CA8-4FC5-83A2-E01EC3D71DDE}.Debug|Any CPU.Build.0 = Debug|Any CPU
		{0F275AE7-8CA8-4FC5-83A2-E01EC3D71DDE}.Release|Any CPU.ActiveCfg = Release|Any CPU
		{0F275AE7-8CA8-4FC5-83A2-E01EC3D71DDE}.Release|Any CPU.Build.0 = Release|Any CPU
		{6682A47B-D71E-4EB4-9586-A2AAB4E22567}.Debug|Any CPU.ActiveCfg = Debug|Any CPU
		{6682A47B-D71E-4EB4-9586-A2AAB4E22567}.Debug|Any CPU.Build.0 = Debug|Any CPU
		{6682A47B-D71E-4EB4-9586-A2AAB4E22567}.Release|Any CPU.ActiveCfg = Release|Any CPU
		{6682A47B-D71E-4EB4-9586-A2AAB4E22567}.Release|Any CPU.Build.0 = Release|Any CPU
		{76211CB7-4707-4BF9-BA40-A8E2067D144A}.Debug|Any CPU.ActiveCfg = Debug|Any CPU
		{76211CB7-4707-4BF9-BA40-A8E2067D144A}.Debug|Any CPU.Build.0 = Debug|Any CPU
		{76211CB7-4707-4BF9-BA40-A8E2067D144A}.Release|Any CPU.ActiveCfg = Release|Any CPU
		{76211CB7-4707-4BF9-BA40-A8E2067D144A}.Release|Any CPU.Build.0 = Release|Any CPU
		{3A164716-8F70-433D-8CB7-0110FA214DCE}.Debug|Any CPU.ActiveCfg = Debug|Any CPU
		{3A164716-8F70-433D-8CB7-0110FA214DCE}.Debug|Any CPU.Build.0 = Debug|Any CPU
		{3A164716-8F70-433D-8CB7-0110FA214DCE}.Release|Any CPU.ActiveCfg = Release|Any CPU
		{3A164716-8F70-433D-8CB7-0110FA214DCE}.Release|Any CPU.Build.0 = Release|Any CPU
		{37313726-E855-49F5-B13D-656F473CA48F}.Debug|Any CPU.ActiveCfg = Debug|Any CPU
		{37313726-E855-49F5-B13D-656F473CA48F}.Debug|Any CPU.Build.0 = Debug|Any CPU
		{37313726-E855-49F5-B13D-656F473CA48F}.Release|Any CPU.ActiveCfg = Release|Any CPU
		{37313726-E855-49F5-B13D-656F473CA48F}.Release|Any CPU.Build.0 = Release|Any CPU
		{54FD499A-E298-4F90-B253-3D3340A24171}.Debug|Any CPU.ActiveCfg = Debug|Any CPU
		{54FD499A-E298-4F90-B253-3D3340A24171}.Debug|Any CPU.Build.0 = Debug|Any CPU
		{54FD499A-E298-4F90-B253-3D3340A24171}.Release|Any CPU.ActiveCfg = Release|Any CPU
		{54FD499A-E298-4F90-B253-3D3340A24171}.Release|Any CPU.Build.0 = Release|Any CPU
		{B6C4E690-2D51-4E82-B6AA-82BA71D6B639}.Debug|Any CPU.ActiveCfg = Debug|Any CPU
		{B6C4E690-2D51-4E82-B6AA-82BA71D6B639}.Debug|Any CPU.Build.0 = Debug|Any CPU
		{B6C4E690-2D51-4E82-B6AA-82BA71D6B639}.Release|Any CPU.ActiveCfg = Release|Any CPU
		{B6C4E690-2D51-4E82-B6AA-82BA71D6B639}.Release|Any CPU.Build.0 = Release|Any CPU
		{E2FBC59D-5073-4BF1-AD13-392DE0337348}.Debug|Any CPU.ActiveCfg = Debug|Any CPU
		{E2FBC59D-5073-4BF1-AD13-392DE0337348}.Debug|Any CPU.Build.0 = Debug|Any CPU
		{E2FBC59D-5073-4BF1-AD13-392DE0337348}.Release|Any CPU.ActiveCfg = Release|Any CPU
		{E2FBC59D-5073-4BF1-AD13-392DE0337348}.Release|Any CPU.Build.0 = Release|Any CPU
		{39879EA1-56AE-4432-82D6-EC96978F194A}.Debug|Any CPU.ActiveCfg = Debug|Any CPU
		{39879EA1-56AE-4432-82D6-EC96978F194A}.Debug|Any CPU.Build.0 = Debug|Any CPU
		{39879EA1-56AE-4432-82D6-EC96978F194A}.Release|Any CPU.ActiveCfg = Release|Any CPU
		{39879EA1-56AE-4432-82D6-EC96978F194A}.Release|Any CPU.Build.0 = Release|Any CPU
		{C1D63E63-E64B-FCB7-4276-5EBCB0FEC291}.Debug|Any CPU.ActiveCfg = Debug|Any CPU
		{C1D63E63-E64B-FCB7-4276-5EBCB0FEC291}.Debug|Any CPU.Build.0 = Debug|Any CPU
		{C1D63E63-E64B-FCB7-4276-5EBCB0FEC291}.Release|Any CPU.ActiveCfg = Release|Any CPU
		{C1D63E63-E64B-FCB7-4276-5EBCB0FEC291}.Release|Any CPU.Build.0 = Release|Any CPU
		{7839D121-CD39-4512-B161-F1D45032A727}.Debug|Any CPU.ActiveCfg = Debug|Any CPU
		{7839D121-CD39-4512-B161-F1D45032A727}.Debug|Any CPU.Build.0 = Debug|Any CPU
		{7839D121-CD39-4512-B161-F1D45032A727}.Release|Any CPU.ActiveCfg = Release|Any CPU
		{7839D121-CD39-4512-B161-F1D45032A727}.Release|Any CPU.Build.0 = Release|Any CPU
		{201493E0-B0D4-4E39-9EB7-647E4713B8C2}.Debug|Any CPU.ActiveCfg = Debug|Any CPU
		{201493E0-B0D4-4E39-9EB7-647E4713B8C2}.Debug|Any CPU.Build.0 = Debug|Any CPU
		{201493E0-B0D4-4E39-9EB7-647E4713B8C2}.Release|Any CPU.ActiveCfg = Release|Any CPU
		{201493E0-B0D4-4E39-9EB7-647E4713B8C2}.Release|Any CPU.Build.0 = Release|Any CPU
		{13D1F5A2-3437-47FA-92DC-9FB93D365304}.Debug|Any CPU.ActiveCfg = Debug|Any CPU
		{13D1F5A2-3437-47FA-92DC-9FB93D365304}.Debug|Any CPU.Build.0 = Debug|Any CPU
		{13D1F5A2-3437-47FA-92DC-9FB93D365304}.Release|Any CPU.ActiveCfg = Release|Any CPU
		{13D1F5A2-3437-47FA-92DC-9FB93D365304}.Release|Any CPU.Build.0 = Release|Any CPU
		{0CA53894-4D83-4CF0-AA0F-D9B36C74E963}.Debug|Any CPU.ActiveCfg = Debug|Any CPU
		{0CA53894-4D83-4CF0-AA0F-D9B36C74E963}.Debug|Any CPU.Build.0 = Debug|Any CPU
		{0CA53894-4D83-4CF0-AA0F-D9B36C74E963}.Release|Any CPU.ActiveCfg = Release|Any CPU
		{0CA53894-4D83-4CF0-AA0F-D9B36C74E963}.Release|Any CPU.Build.0 = Release|Any CPU
		{54EF637D-69DC-4359-A834-DC137A6423CE}.Debug|Any CPU.ActiveCfg = Debug|Any CPU
		{54EF637D-69DC-4359-A834-DC137A6423CE}.Debug|Any CPU.Build.0 = Debug|Any CPU
		{54EF637D-69DC-4359-A834-DC137A6423CE}.Release|Any CPU.ActiveCfg = Release|Any CPU
		{54EF637D-69DC-4359-A834-DC137A6423CE}.Release|Any CPU.Build.0 = Release|Any CPU
		{1A132306-6A25-4F7C-9CAC-EB05E5410C91}.Debug|Any CPU.ActiveCfg = Debug|Any CPU
		{1A132306-6A25-4F7C-9CAC-EB05E5410C91}.Debug|Any CPU.Build.0 = Debug|Any CPU
		{1A132306-6A25-4F7C-9CAC-EB05E5410C91}.Release|Any CPU.ActiveCfg = Release|Any CPU
		{1A132306-6A25-4F7C-9CAC-EB05E5410C91}.Release|Any CPU.Build.0 = Release|Any CPU
		{502C3441-2C5D-444D-A657-E6C9BD18468C}.Debug|Any CPU.ActiveCfg = Debug|Any CPU
		{502C3441-2C5D-444D-A657-E6C9BD18468C}.Debug|Any CPU.Build.0 = Debug|Any CPU
		{502C3441-2C5D-444D-A657-E6C9BD18468C}.Release|Any CPU.ActiveCfg = Release|Any CPU
		{502C3441-2C5D-444D-A657-E6C9BD18468C}.Release|Any CPU.Build.0 = Release|Any CPU
		{8B65EFB9-B5B5-49BC-B0D2-4211238240FC}.Debug|Any CPU.ActiveCfg = Debug|Any CPU
		{8B65EFB9-B5B5-49BC-B0D2-4211238240FC}.Debug|Any CPU.Build.0 = Debug|Any CPU
		{8B65EFB9-B5B5-49BC-B0D2-4211238240FC}.Release|Any CPU.ActiveCfg = Release|Any CPU
		{8B65EFB9-B5B5-49BC-B0D2-4211238240FC}.Release|Any CPU.Build.0 = Release|Any CPU
		{A1C9E242-DB7B-4106-9294-1B27751EE251}.Debug|Any CPU.ActiveCfg = Debug|Any CPU
		{A1C9E242-DB7B-4106-9294-1B27751EE251}.Debug|Any CPU.Build.0 = Debug|Any CPU
		{A1C9E242-DB7B-4106-9294-1B27751EE251}.Release|Any CPU.ActiveCfg = Release|Any CPU
		{A1C9E242-DB7B-4106-9294-1B27751EE251}.Release|Any CPU.Build.0 = Release|Any CPU
		{53F57408-F109-4C4B-A18A-3E6E17E1BB1A}.Debug|Any CPU.ActiveCfg = Debug|Any CPU
		{53F57408-F109-4C4B-A18A-3E6E17E1BB1A}.Debug|Any CPU.Build.0 = Debug|Any CPU
		{53F57408-F109-4C4B-A18A-3E6E17E1BB1A}.Release|Any CPU.ActiveCfg = Release|Any CPU
		{53F57408-F109-4C4B-A18A-3E6E17E1BB1A}.Release|Any CPU.Build.0 = Release|Any CPU
		{60404BB6-F726-435A-B1D0-702C17F30DEB}.Debug|Any CPU.ActiveCfg = Debug|Any CPU
		{60404BB6-F726-435A-B1D0-702C17F30DEB}.Debug|Any CPU.Build.0 = Debug|Any CPU
		{60404BB6-F726-435A-B1D0-702C17F30DEB}.Release|Any CPU.ActiveCfg = Release|Any CPU
		{60404BB6-F726-435A-B1D0-702C17F30DEB}.Release|Any CPU.Build.0 = Release|Any CPU
		{7F062E16-4C9F-4BA0-8F14-F708EF4DCC35}.Debug|Any CPU.ActiveCfg = Debug|Any CPU
		{7F062E16-4C9F-4BA0-8F14-F708EF4DCC35}.Debug|Any CPU.Build.0 = Debug|Any CPU
		{7F062E16-4C9F-4BA0-8F14-F708EF4DCC35}.Release|Any CPU.ActiveCfg = Release|Any CPU
		{7F062E16-4C9F-4BA0-8F14-F708EF4DCC35}.Release|Any CPU.Build.0 = Release|Any CPU
		{9E29E780-0F4D-414A-B886-9C42B17600C0}.Debug|Any CPU.ActiveCfg = Debug|Any CPU
		{9E29E780-0F4D-414A-B886-9C42B17600C0}.Debug|Any CPU.Build.0 = Debug|Any CPU
		{9E29E780-0F4D-414A-B886-9C42B17600C0}.Release|Any CPU.ActiveCfg = Release|Any CPU
		{9E29E780-0F4D-414A-B886-9C42B17600C0}.Release|Any CPU.Build.0 = Release|Any CPU
		{BE6CF043-CAA3-45B0-B209-5F6B527F5A38}.Debug|Any CPU.ActiveCfg = Debug|Any CPU
		{BE6CF043-CAA3-45B0-B209-5F6B527F5A38}.Debug|Any CPU.Build.0 = Debug|Any CPU
		{BE6CF043-CAA3-45B0-B209-5F6B527F5A38}.Release|Any CPU.ActiveCfg = Release|Any CPU
		{BE6CF043-CAA3-45B0-B209-5F6B527F5A38}.Release|Any CPU.Build.0 = Release|Any CPU
		{10E09DF3-8326-45E2-AB8A-16D28A41527D}.Debug|Any CPU.ActiveCfg = Debug|Any CPU
		{10E09DF3-8326-45E2-AB8A-16D28A41527D}.Debug|Any CPU.Build.0 = Debug|Any CPU
		{10E09DF3-8326-45E2-AB8A-16D28A41527D}.Release|Any CPU.ActiveCfg = Release|Any CPU
		{10E09DF3-8326-45E2-AB8A-16D28A41527D}.Release|Any CPU.Build.0 = Release|Any CPU
		{B474C230-CACD-4869-A367-103FE080C90E}.Debug|Any CPU.ActiveCfg = Debug|Any CPU
		{B474C230-CACD-4869-A367-103FE080C90E}.Debug|Any CPU.Build.0 = Debug|Any CPU
		{B474C230-CACD-4869-A367-103FE080C90E}.Release|Any CPU.ActiveCfg = Release|Any CPU
		{B474C230-CACD-4869-A367-103FE080C90E}.Release|Any CPU.Build.0 = Release|Any CPU
		{99C74DCF-606F-4971-8123-C74FF6590FF8}.Debug|Any CPU.ActiveCfg = Debug|Any CPU
		{99C74DCF-606F-4971-8123-C74FF6590FF8}.Debug|Any CPU.Build.0 = Debug|Any CPU
		{99C74DCF-606F-4971-8123-C74FF6590FF8}.Release|Any CPU.ActiveCfg = Release|Any CPU
		{99C74DCF-606F-4971-8123-C74FF6590FF8}.Release|Any CPU.Build.0 = Release|Any CPU
		{65C01803-C7A4-4004-9145-00D6D1873519}.Debug|Any CPU.ActiveCfg = Debug|Any CPU
		{65C01803-C7A4-4004-9145-00D6D1873519}.Debug|Any CPU.Build.0 = Debug|Any CPU
		{65C01803-C7A4-4004-9145-00D6D1873519}.Release|Any CPU.ActiveCfg = Release|Any CPU
		{65C01803-C7A4-4004-9145-00D6D1873519}.Release|Any CPU.Build.0 = Release|Any CPU
		{CF6DE831-AAC2-4A79-AC2E-B73C0D7F3171}.Debug|Any CPU.ActiveCfg = Debug|Any CPU
		{CF6DE831-AAC2-4A79-AC2E-B73C0D7F3171}.Debug|Any CPU.Build.0 = Debug|Any CPU
		{CF6DE831-AAC2-4A79-AC2E-B73C0D7F3171}.Release|Any CPU.ActiveCfg = Release|Any CPU
		{CF6DE831-AAC2-4A79-AC2E-B73C0D7F3171}.Release|Any CPU.Build.0 = Release|Any CPU
		{6EF7678A-A725-F430-3097-30F090C0100A}.Debug|Any CPU.ActiveCfg = Debug|Any CPU
		{6EF7678A-A725-F430-3097-30F090C0100A}.Debug|Any CPU.Build.0 = Debug|Any CPU
		{6EF7678A-A725-F430-3097-30F090C0100A}.Release|Any CPU.ActiveCfg = Release|Any CPU
		{6EF7678A-A725-F430-3097-30F090C0100A}.Release|Any CPU.Build.0 = Release|Any CPU
		{010D0C11-D6A2-3CA6-3281-4E0FD547EC2D}.Debug|Any CPU.ActiveCfg = Debug|Any CPU
		{010D0C11-D6A2-3CA6-3281-4E0FD547EC2D}.Debug|Any CPU.Build.0 = Debug|Any CPU
		{010D0C11-D6A2-3CA6-3281-4E0FD547EC2D}.Release|Any CPU.ActiveCfg = Release|Any CPU
		{010D0C11-D6A2-3CA6-3281-4E0FD547EC2D}.Release|Any CPU.Build.0 = Release|Any CPU
		{E740D81D-3709-4DDC-850C-E8C56531FA17}.Debug|Any CPU.ActiveCfg = Debug|Any CPU
		{E740D81D-3709-4DDC-850C-E8C56531FA17}.Debug|Any CPU.Build.0 = Debug|Any CPU
		{E740D81D-3709-4DDC-850C-E8C56531FA17}.Release|Any CPU.ActiveCfg = Release|Any CPU
		{E740D81D-3709-4DDC-850C-E8C56531FA17}.Release|Any CPU.Build.0 = Release|Any CPU
		{29C709B5-9EF9-4BCB-A0AC-14F2F0AC1859}.Debug|Any CPU.ActiveCfg = Debug|Any CPU
		{29C709B5-9EF9-4BCB-A0AC-14F2F0AC1859}.Debug|Any CPU.Build.0 = Debug|Any CPU
		{29C709B5-9EF9-4BCB-A0AC-14F2F0AC1859}.Release|Any CPU.ActiveCfg = Release|Any CPU
		{29C709B5-9EF9-4BCB-A0AC-14F2F0AC1859}.Release|Any CPU.Build.0 = Release|Any CPU
		{2BF34567-2700-4C2A-8086-69543F12DB1C}.Debug|Any CPU.ActiveCfg = Debug|Any CPU
		{2BF34567-2700-4C2A-8086-69543F12DB1C}.Debug|Any CPU.Build.0 = Debug|Any CPU
		{2BF34567-2700-4C2A-8086-69543F12DB1C}.Release|Any CPU.ActiveCfg = Release|Any CPU
		{2BF34567-2700-4C2A-8086-69543F12DB1C}.Release|Any CPU.Build.0 = Release|Any CPU
		{07760434-E5EC-4729-B635-88E0126A0297}.Debug|Any CPU.ActiveCfg = Debug|Any CPU
		{07760434-E5EC-4729-B635-88E0126A0297}.Debug|Any CPU.Build.0 = Debug|Any CPU
		{07760434-E5EC-4729-B635-88E0126A0297}.Release|Any CPU.ActiveCfg = Release|Any CPU
		{07760434-E5EC-4729-B635-88E0126A0297}.Release|Any CPU.Build.0 = Release|Any CPU
		{2BAD90D4-A359-429F-B5B4-189DDF9B5F8A}.Debug|Any CPU.ActiveCfg = Debug|Any CPU
		{2BAD90D4-A359-429F-B5B4-189DDF9B5F8A}.Debug|Any CPU.Build.0 = Debug|Any CPU
		{2BAD90D4-A359-429F-B5B4-189DDF9B5F8A}.Release|Any CPU.ActiveCfg = Release|Any CPU
		{2BAD90D4-A359-429F-B5B4-189DDF9B5F8A}.Release|Any CPU.Build.0 = Release|Any CPU
		{A1D89E41-AD61-4D09-A8A0-3A4B77B02B9F}.Debug|Any CPU.ActiveCfg = Debug|Any CPU
		{A1D89E41-AD61-4D09-A8A0-3A4B77B02B9F}.Debug|Any CPU.Build.0 = Debug|Any CPU
		{A1D89E41-AD61-4D09-A8A0-3A4B77B02B9F}.Release|Any CPU.ActiveCfg = Release|Any CPU
		{A1D89E41-AD61-4D09-A8A0-3A4B77B02B9F}.Release|Any CPU.Build.0 = Release|Any CPU
		{D5557C0C-34B2-44DD-A8BB-CF0E67FC9889}.Debug|Any CPU.ActiveCfg = Debug|Any CPU
		{D5557C0C-34B2-44DD-A8BB-CF0E67FC9889}.Debug|Any CPU.Build.0 = Debug|Any CPU
		{D5557C0C-34B2-44DD-A8BB-CF0E67FC9889}.Release|Any CPU.ActiveCfg = Release|Any CPU
		{D5557C0C-34B2-44DD-A8BB-CF0E67FC9889}.Release|Any CPU.Build.0 = Release|Any CPU
		{E768625C-AE27-421F-8719-528C5199B350}.Debug|Any CPU.ActiveCfg = Debug|Any CPU
		{E768625C-AE27-421F-8719-528C5199B350}.Debug|Any CPU.Build.0 = Debug|Any CPU
		{E768625C-AE27-421F-8719-528C5199B350}.Release|Any CPU.ActiveCfg = Release|Any CPU
		{E768625C-AE27-421F-8719-528C5199B350}.Release|Any CPU.Build.0 = Release|Any CPU
		{ACDA356B-4FC6-4375-A535-B04E5EB54F70}.Debug|Any CPU.ActiveCfg = Debug|Any CPU
		{ACDA356B-4FC6-4375-A535-B04E5EB54F70}.Debug|Any CPU.Build.0 = Debug|Any CPU
		{ACDA356B-4FC6-4375-A535-B04E5EB54F70}.Release|Any CPU.ActiveCfg = Release|Any CPU
		{ACDA356B-4FC6-4375-A535-B04E5EB54F70}.Release|Any CPU.Build.0 = Release|Any CPU
		{8AD2EED6-5142-B9D5-EB8B-BB1A11EC0408}.Debug|Any CPU.ActiveCfg = Debug|Any CPU
		{8AD2EED6-5142-B9D5-EB8B-BB1A11EC0408}.Debug|Any CPU.Build.0 = Debug|Any CPU
		{8AD2EED6-5142-B9D5-EB8B-BB1A11EC0408}.Release|Any CPU.ActiveCfg = Release|Any CPU
		{8AD2EED6-5142-B9D5-EB8B-BB1A11EC0408}.Release|Any CPU.Build.0 = Release|Any CPU
		{EA4A8055-1398-D3D7-71C5-6C05759E8DEC}.Debug|Any CPU.ActiveCfg = Debug|Any CPU
		{EA4A8055-1398-D3D7-71C5-6C05759E8DEC}.Debug|Any CPU.Build.0 = Debug|Any CPU
		{EA4A8055-1398-D3D7-71C5-6C05759E8DEC}.Release|Any CPU.ActiveCfg = Release|Any CPU
		{EA4A8055-1398-D3D7-71C5-6C05759E8DEC}.Release|Any CPU.Build.0 = Release|Any CPU
		{5F513571-8116-4FD4-BB60-A6EEFA9922F8}.Debug|Any CPU.ActiveCfg = Debug|Any CPU
		{5F513571-8116-4FD4-BB60-A6EEFA9922F8}.Debug|Any CPU.Build.0 = Debug|Any CPU
		{5F513571-8116-4FD4-BB60-A6EEFA9922F8}.Release|Any CPU.ActiveCfg = Release|Any CPU
		{5F513571-8116-4FD4-BB60-A6EEFA9922F8}.Release|Any CPU.Build.0 = Release|Any CPU
		{0D067E26-9882-4773-878B-DCD693847692}.Debug|Any CPU.ActiveCfg = Debug|Any CPU
		{0D067E26-9882-4773-878B-DCD693847692}.Debug|Any CPU.Build.0 = Debug|Any CPU
		{0D067E26-9882-4773-878B-DCD693847692}.Release|Any CPU.ActiveCfg = Release|Any CPU
		{0D067E26-9882-4773-878B-DCD693847692}.Release|Any CPU.Build.0 = Release|Any CPU
		{C60AD186-5D82-446D-AC77-8B5918F2C883}.Debug|Any CPU.ActiveCfg = Debug|Any CPU
		{C60AD186-5D82-446D-AC77-8B5918F2C883}.Debug|Any CPU.Build.0 = Debug|Any CPU
		{C60AD186-5D82-446D-AC77-8B5918F2C883}.Release|Any CPU.ActiveCfg = Release|Any CPU
		{C60AD186-5D82-446D-AC77-8B5918F2C883}.Release|Any CPU.Build.0 = Release|Any CPU
		{6BE2871A-ECA6-40F7-8033-617FE99BDB8A}.Debug|Any CPU.ActiveCfg = Debug|Any CPU
		{6BE2871A-ECA6-40F7-8033-617FE99BDB8A}.Debug|Any CPU.Build.0 = Debug|Any CPU
		{6BE2871A-ECA6-40F7-8033-617FE99BDB8A}.Release|Any CPU.ActiveCfg = Release|Any CPU
		{6BE2871A-ECA6-40F7-8033-617FE99BDB8A}.Release|Any CPU.Build.0 = Release|Any CPU
		{D8B6523E-063F-46E0-8253-854C57280FE0}.Debug|Any CPU.ActiveCfg = Debug|Any CPU
		{D8B6523E-063F-46E0-8253-854C57280FE0}.Debug|Any CPU.Build.0 = Debug|Any CPU
		{D8B6523E-063F-46E0-8253-854C57280FE0}.Release|Any CPU.ActiveCfg = Release|Any CPU
		{D8B6523E-063F-46E0-8253-854C57280FE0}.Release|Any CPU.Build.0 = Release|Any CPU
		{A372598E-0F18-465F-BD99-0CF01DBFC020}.Debug|Any CPU.ActiveCfg = Debug|Any CPU
		{A372598E-0F18-465F-BD99-0CF01DBFC020}.Debug|Any CPU.Build.0 = Debug|Any CPU
		{A372598E-0F18-465F-BD99-0CF01DBFC020}.Release|Any CPU.ActiveCfg = Release|Any CPU
		{A372598E-0F18-465F-BD99-0CF01DBFC020}.Release|Any CPU.Build.0 = Release|Any CPU
		{8F8EF760-5B88-4424-99AB-998912E502A0}.Debug|Any CPU.ActiveCfg = Debug|Any CPU
		{8F8EF760-5B88-4424-99AB-998912E502A0}.Debug|Any CPU.Build.0 = Debug|Any CPU
		{8F8EF760-5B88-4424-99AB-998912E502A0}.Release|Any CPU.ActiveCfg = Release|Any CPU
		{8F8EF760-5B88-4424-99AB-998912E502A0}.Release|Any CPU.Build.0 = Release|Any CPU
		{2F4A57E1-F57F-4337-A413-808152E5CBBE}.Debug|Any CPU.ActiveCfg = Debug|Any CPU
		{2F4A57E1-F57F-4337-A413-808152E5CBBE}.Debug|Any CPU.Build.0 = Debug|Any CPU
		{2F4A57E1-F57F-4337-A413-808152E5CBBE}.Release|Any CPU.ActiveCfg = Release|Any CPU
		{2F4A57E1-F57F-4337-A413-808152E5CBBE}.Release|Any CPU.Build.0 = Release|Any CPU
		{B06C335A-23CF-46E1-B2E6-BF0A5B4AE717}.Debug|Any CPU.ActiveCfg = Debug|Any CPU
		{B06C335A-23CF-46E1-B2E6-BF0A5B4AE717}.Debug|Any CPU.Build.0 = Debug|Any CPU
		{B06C335A-23CF-46E1-B2E6-BF0A5B4AE717}.Release|Any CPU.ActiveCfg = Release|Any CPU
		{B06C335A-23CF-46E1-B2E6-BF0A5B4AE717}.Release|Any CPU.Build.0 = Release|Any CPU
		{7C64BC56-B48B-4C61-B744-8512BD8380EA}.Debug|Any CPU.ActiveCfg = Debug|Any CPU
		{7C64BC56-B48B-4C61-B744-8512BD8380EA}.Debug|Any CPU.Build.0 = Debug|Any CPU
		{7C64BC56-B48B-4C61-B744-8512BD8380EA}.Release|Any CPU.ActiveCfg = Release|Any CPU
		{7C64BC56-B48B-4C61-B744-8512BD8380EA}.Release|Any CPU.Build.0 = Release|Any CPU
	EndGlobalSection
	GlobalSection(SolutionProperties) = preSolution
		HideSolutionNode = FALSE
	EndGlobalSection
	GlobalSection(NestedProjects) = preSolution
		{68D9A9DB-C288-484D-955A-209BF6FC5094} = {DDB4EF12-CC4E-5E88-E6FC-71A802F4DE97}
		{2E1EAB21-6AE4-4BF4-8F59-757360ADC4B0} = {0724A410-4C4D-4288-9CBF-477C251FD7C4}
		{2FE1A57A-876A-49D8-A084-B2E42F027943} = {71BDC071-3BE7-4868-A23B-FC55BABEFDBD}
		{E4244DD7-4899-47D8-A5BD-57226B2DC8B1} = {2FE1A57A-876A-49D8-A084-B2E42F027943}
		{0724A410-4C4D-4288-9CBF-477C251FD7C4} = {71BDC071-3BE7-4868-A23B-FC55BABEFDBD}
		{927AC185-5B38-43EE-975F-EDD14B783A7B} = {1C6291C6-CF71-4A65-A5C9-DED43C2BFE5B}
		{0F275AE7-8CA8-4FC5-83A2-E01EC3D71DDE} = {1C6291C6-CF71-4A65-A5C9-DED43C2BFE5B}
		{7FD9C159-7907-4BEB-8791-F552C5E8EDFB} = {71BDC071-3BE7-4868-A23B-FC55BABEFDBD}
		{6682A47B-D71E-4EB4-9586-A2AAB4E22567} = {7FD9C159-7907-4BEB-8791-F552C5E8EDFB}
		{76211CB7-4707-4BF9-BA40-A8E2067D144A} = {2FE1A57A-876A-49D8-A084-B2E42F027943}
		{3A164716-8F70-433D-8CB7-0110FA214DCE} = {99F41B64-3E09-44DE-9162-B1CC719970CF}
		{B02CF604-82B6-49A1-A1FF-B493901BF570} = {99F41B64-3E09-44DE-9162-B1CC719970CF}
		{37313726-E855-49F5-B13D-656F473CA48F} = {B02CF604-82B6-49A1-A1FF-B493901BF570}
		{54FD499A-E298-4F90-B253-3D3340A24171} = {99F41B64-3E09-44DE-9162-B1CC719970CF}
		{B6C4E690-2D51-4E82-B6AA-82BA71D6B639} = {B02CF604-82B6-49A1-A1FF-B493901BF570}
		{E2FBC59D-5073-4BF1-AD13-392DE0337348} = {8D76D45E-37B6-4C7B-99AD-DF23AB61ACF1}
		{53CE2C47-5060-46CF-999F-1FED678702BE} = {8D76D45E-37B6-4C7B-99AD-DF23AB61ACF1}
		{39879EA1-56AE-4432-82D6-EC96978F194A} = {53CE2C47-5060-46CF-999F-1FED678702BE}
		{C1D63E63-E64B-FCB7-4276-5EBCB0FEC291} = {53CE2C47-5060-46CF-999F-1FED678702BE}
		{7839D121-CD39-4512-B161-F1D45032A727} = {671C85A8-5F86-42CC-8C96-1D5ED0729D1B}
		{1576D862-17FB-49A4-9161-26D48DD1C192} = {048AC0AB-B4B0-4474-A920-799C4DE25B7A}
		{201493E0-B0D4-4E39-9EB7-647E4713B8C2} = {1576D862-17FB-49A4-9161-26D48DD1C192}
		{13D1F5A2-3437-47FA-92DC-9FB93D365304} = {048AC0AB-B4B0-4474-A920-799C4DE25B7A}
		{0CA53894-4D83-4CF0-AA0F-D9B36C74E963} = {048AC0AB-B4B0-4474-A920-799C4DE25B7A}
		{54EF637D-69DC-4359-A834-DC137A6423CE} = {1576D862-17FB-49A4-9161-26D48DD1C192}
		{1A132306-6A25-4F7C-9CAC-EB05E5410C91} = {8277436C-BF18-4DE1-B66D-190D4A899FB8}
		{47C6A1E6-00AE-4950-883D-15EDEFE7A6A6} = {8277436C-BF18-4DE1-B66D-190D4A899FB8}
		{502C3441-2C5D-444D-A657-E6C9BD18468C} = {47C6A1E6-00AE-4950-883D-15EDEFE7A6A6}
		{8B65EFB9-B5B5-49BC-B0D2-4211238240FC} = {47C6A1E6-00AE-4950-883D-15EDEFE7A6A6}
		{A1C9E242-DB7B-4106-9294-1B27751EE251} = {47C6A1E6-00AE-4950-883D-15EDEFE7A6A6}
		{53F57408-F109-4C4B-A18A-3E6E17E1BB1A} = {47C6A1E6-00AE-4950-883D-15EDEFE7A6A6}
		{60404BB6-F726-435A-B1D0-702C17F30DEB} = {8277436C-BF18-4DE1-B66D-190D4A899FB8}
		{1C4EFD3D-C375-4FA5-9EFA-16B5264C480A} = {D832B526-63F0-497F-9C29-53EAE4360F19}
		{7F062E16-4C9F-4BA0-8F14-F708EF4DCC35} = {D832B526-63F0-497F-9C29-53EAE4360F19}
		{9E29E780-0F4D-414A-B886-9C42B17600C0} = {D832B526-63F0-497F-9C29-53EAE4360F19}
		{BE6CF043-CAA3-45B0-B209-5F6B527F5A38} = {1C4EFD3D-C375-4FA5-9EFA-16B5264C480A}
		{10E09DF3-8326-45E2-AB8A-16D28A41527D} = {1C4EFD3D-C375-4FA5-9EFA-16B5264C480A}
		{E3EB3E92-E4E0-4031-B9CE-94D2469D193D} = {718A8B28-9A05-427C-86E2-04ABB46C7FD6}
		{B474C230-CACD-4869-A367-103FE080C90E} = {E3EB3E92-E4E0-4031-B9CE-94D2469D193D}
		{99C74DCF-606F-4971-8123-C74FF6590FF8} = {718A8B28-9A05-427C-86E2-04ABB46C7FD6}
		{65C01803-C7A4-4004-9145-00D6D1873519} = {718A8B28-9A05-427C-86E2-04ABB46C7FD6}
		{CF6DE831-AAC2-4A79-AC2E-B73C0D7F3171} = {E3EB3E92-E4E0-4031-B9CE-94D2469D193D}
		{6EF7678A-A725-F430-3097-30F090C0100A} = {0825EE73-77E0-4836-93BE-281697113925}
		{010D0C11-D6A2-3CA6-3281-4E0FD547EC2D} = {0825EE73-77E0-4836-93BE-281697113925}
		{E740D81D-3709-4DDC-850C-E8C56531FA17} = {5FAADBA4-DA91-4D3F-AFD9-7425F3A97B50}
		{13F008E8-8EE7-4A67-AB8F-B6AEF4006682} = {5FAADBA4-DA91-4D3F-AFD9-7425F3A97B50}
		{29C709B5-9EF9-4BCB-A0AC-14F2F0AC1859} = {13F008E8-8EE7-4A67-AB8F-B6AEF4006682}
		{2BF34567-2700-4C2A-8086-69543F12DB1C} = {13F008E8-8EE7-4A67-AB8F-B6AEF4006682}
		{07760434-E5EC-4729-B635-88E0126A0297} = {13F008E8-8EE7-4A67-AB8F-B6AEF4006682}
		{2BAD90D4-A359-429F-B5B4-189DDF9B5F8A} = {1C6291C6-CF71-4A65-A5C9-DED43C2BFE5B}
		{B95E59B6-A72B-4ACF-994D-9147CE53E55E} = {B0B046BA-3589-4D17-BAFA-F5EE85F24E6E}
		{A1D89E41-AD61-4D09-A8A0-3A4B77B02B9F} = {B0B046BA-3589-4D17-BAFA-F5EE85F24E6E}
		{D5557C0C-34B2-44DD-A8BB-CF0E67FC9889} = {B95E59B6-A72B-4ACF-994D-9147CE53E55E}
		{E768625C-AE27-421F-8719-528C5199B350} = {B95E59B6-A72B-4ACF-994D-9147CE53E55E}
		{ACDA356B-4FC6-4375-A535-B04E5EB54F70} = {B95E59B6-A72B-4ACF-994D-9147CE53E55E}
		{8AD2EED6-5142-B9D5-EB8B-BB1A11EC0408} = {976A6121-B255-48BB-A55D-3FD9ABF0BB17}
		{EA4A8055-1398-D3D7-71C5-6C05759E8DEC} = {976A6121-B255-48BB-A55D-3FD9ABF0BB17}
		{5F513571-8116-4FD4-BB60-A6EEFA9922F8} = {1C6291C6-CF71-4A65-A5C9-DED43C2BFE5B}
		{0D067E26-9882-4773-878B-DCD693847692} = {5218764B-729D-460E-AE8B-77DCD058E9E0}
		{AF126664-D572-4198-B86B-5E82CBD58469} = {5218764B-729D-460E-AE8B-77DCD058E9E0}
		{C60AD186-5D82-446D-AC77-8B5918F2C883} = {AF126664-D572-4198-B86B-5E82CBD58469}
		{6BE2871A-ECA6-40F7-8033-617FE99BDB8A} = {AF126664-D572-4198-B86B-5E82CBD58469}
		{D8B6523E-063F-46E0-8253-854C57280FE0} = {5218764B-729D-460E-AE8B-77DCD058E9E0}
		{A372598E-0F18-465F-BD99-0CF01DBFC020} = {AF126664-D572-4198-B86B-5E82CBD58469}
		{8F8EF760-5B88-4424-99AB-998912E502A0} = {5218764B-729D-460E-AE8B-77DCD058E9E0}
		{2F4A57E1-F57F-4337-A413-808152E5CBBE} = {AF126664-D572-4198-B86B-5E82CBD58469}
		{B06C335A-23CF-46E1-B2E6-BF0A5B4AE717} = {AF126664-D572-4198-B86B-5E82CBD58469}
		{7C64BC56-B48B-4C61-B744-8512BD8380EA} = {293B8D97-D537-42C9-BAEC-9578FC98C158}
	EndGlobalSection
	GlobalSection(ExtensibilityGlobals) = postSolution
		SolutionGuid = {28BCC89A-A3BD-4783-8893-79F4BA29A7C7}
	EndGlobalSection
EndGlobal
